
Microsoft Visual Studio Solution File, Format Version 12.00
# Visual Studio Version 17
VisualStudioVersion = 17.0.31903.59
MinimumVisualStudioVersion = 10.0.40219.1
Project("{2150E333-8FDC-42A3-9474-1A3956D46DE8}") = "src", "src", "{827E0CD3-B72D-47B6-A68D-7590B98EB39B}"
EndProject
Project("{FAE04EC0-301F-11D3-BF4B-00C04F79EFBC}") = "GestaoEpiEpc.Domain", "src\GestaoEpiEpc.Domain\GestaoEpiEpc.Domain.csproj", "{A2363EF4-3B99-447A-96A6-538CD210E7CF}"
EndProject
Project("{FAE04EC0-301F-11D3-BF4B-00C04F79EFBC}") = "GestaoEpiEpc.Application", "src\GestaoEpiEpc.Application\GestaoEpiEpc.Application.csproj", "{3A851C90-4FE3-4C94-93C0-66642F512E46}"
EndProject
Project("{FAE04EC0-301F-11D3-BF4B-00C04F79EFBC}") = "GestaoEpiEpc.Infrastructure", "src\GestaoEpiEpc.Infrastructure\GestaoEpiEpc.Infrastructure.csproj", "{EEB7DC28-243A-4E87-90A4-4EC8977AEA0B}"
EndProject
Project("{FAE04EC0-301F-11D3-BF4B-00C04F79EFBC}") = "GestaoEpiEpc.Desktop", "src\GestaoEpiEpc.Desktop\GestaoEpiEpc.Desktop.csproj", "{C4728C61-2A78-4EF7-80D9-AF9EB22C612D}"
EndProject
Project("{FAE04EC0-301F-11D3-BF4B-00C04F79EFBC}") = "GestaoEpiEpc.Tests", "tests\GestaoEpiEpc.Tests\GestaoEpiEpc.Tests.csproj", "{9639C90D-02FB-49D0-B8AF-D15BD2F33C8A}"
EndProject
Project("{FAE04EC0-301F-11D3-BF4B-00C04F79EFBC}") = "GestaoEpiEpc.Mobile", "src\GestaoEpiEpc.Mobile\GestaoEpiEpc.Mobile.csproj", "{0FCC6A2E-2F5C-4D12-AAD2-BA96766C1682}"
EndProject
Global
	GlobalSection(SolutionConfigurationPlatforms) = preSolution
		Debug|Any CPU = Debug|Any CPU
		Debug|x64 = Debug|x64
		Debug|x86 = Debug|x86
		Release|Any CPU = Release|Any CPU
		Release|x64 = Release|x64
		Release|x86 = Release|x86
	EndGlobalSection
	GlobalSection(ProjectConfigurationPlatforms) = postSolution
		{A2363EF4-3B99-447A-96A6-538CD210E7CF}.Debug|Any CPU.ActiveCfg = Debug|Any CPU
		{A2363EF4-3B99-447A-96A6-538CD210E7CF}.Debug|Any CPU.Build.0 = Debug|Any CPU
		{A2363EF4-3B99-447A-96A6-538CD210E7CF}.Debug|x64.ActiveCfg = Debug|Any CPU
		{A2363EF4-3B99-447A-96A6-538CD210E7CF}.Debug|x64.Build.0 = Debug|Any CPU
		{A2363EF4-3B99-447A-96A6-538CD210E7CF}.Debug|x86.ActiveCfg = Debug|Any CPU
		{A2363EF4-3B99-447A-96A6-538CD210E7CF}.Debug|x86.Build.0 = Debug|Any CPU
		{A2363EF4-3B99-447A-96A6-538CD210E7CF}.Release|Any CPU.ActiveCfg = Release|Any CPU
		{A2363EF4-3B99-447A-96A6-538CD210E7CF}.Release|Any CPU.Build.0 = Release|Any CPU
		{A2363EF4-3B99-447A-96A6-538CD210E7CF}.Release|x64.ActiveCfg = Release|Any CPU
		{A2363EF4-3B99-447A-96A6-538CD210E7CF}.Release|x64.Build.0 = Release|Any CPU
		{A2363EF4-3B99-447A-96A6-538CD210E7CF}.Release|x86.ActiveCfg = Release|Any CPU
		{A2363EF4-3B99-447A-96A6-538CD210E7CF}.Release|x86.Build.0 = Release|Any CPU
		{3A851C90-4FE3-4C94-93C0-66642F512E46}.Debug|Any CPU.ActiveCfg = Debug|Any CPU
		{3A851C90-4FE3-4C94-93C0-66642F512E46}.Debug|Any CPU.Build.0 = Debug|Any CPU
		{3A851C90-4FE3-4C94-93C0-66642F512E46}.Debug|x64.ActiveCfg = Debug|Any CPU
		{3A851C90-4FE3-4C94-93C0-66642F512E46}.Debug|x64.Build.0 = Debug|Any CPU
		{3A851C90-4FE3-4C94-93C0-66642F512E46}.Debug|x86.ActiveCfg = Debug|Any CPU
		{3A851C90-4FE3-4C94-93C0-66642F512E46}.Debug|x86.Build.0 = Debug|Any CPU
		{3A851C90-4FE3-4C94-93C0-66642F512E46}.Release|Any CPU.ActiveCfg = Release|Any CPU
		{3A851C90-4FE3-4C94-93C0-66642F512E46}.Release|Any CPU.Build.0 = Release|Any CPU
		{3A851C90-4FE3-4C94-93C0-66642F512E46}.Release|x64.ActiveCfg = Release|Any CPU
		{3A851C90-4FE3-4C94-93C0-66642F512E46}.Release|x64.Build.0 = Release|Any CPU
		{3A851C90-4FE3-4C94-93C0-66642F512E46}.Release|x86.ActiveCfg = Release|Any CPU
		{3A851C90-4FE3-4C94-93C0-66642F512E46}.Release|x86.Build.0 = Release|Any CPU
		{EEB7DC28-243A-4E87-90A4-4EC8977AEA0B}.Debug|Any CPU.ActiveCfg = Debug|Any CPU
		{EEB7DC28-243A-4E87-90A4-4EC8977AEA0B}.Debug|Any CPU.Build.0 = Debug|Any CPU
		{EEB7DC28-243A-4E87-90A4-4EC8977AEA0B}.Debug|x64.ActiveCfg = Debug|Any CPU
		{EEB7DC28-243A-4E87-90A4-4EC8977AEA0B}.Debug|x64.Build.0 = Debug|Any CPU
		{EEB7DC28-243A-4E87-90A4-4EC8977AEA0B}.Debug|x86.ActiveCfg = Debug|Any CPU
		{EEB7DC28-243A-4E87-90A4-4EC8977AEA0B}.Debug|x86.Build.0 = Debug|Any CPU
		{EEB7DC28-243A-4E87-90A4-4EC8977AEA0B}.Release|Any CPU.ActiveCfg = Release|Any CPU
		{EEB7DC28-243A-4E87-90A4-4EC8977AEA0B}.Release|Any CPU.Build.0 = Release|Any CPU
		{EEB7DC28-243A-4E87-90A4-4EC8977AEA0B}.Release|x64.ActiveCfg = Release|Any CPU
		{EEB7DC28-243A-4E87-90A4-4EC8977AEA0B}.Release|x64.Build.0 = Release|Any CPU
		{EEB7DC28-243A-4E87-90A4-4EC8977AEA0B}.Release|x86.ActiveCfg = Release|Any CPU
		{EEB7DC28-243A-4E87-90A4-4EC8977AEA0B}.Release|x86.Build.0 = Release|Any CPU
		{C4728C61-2A78-4EF7-80D9-AF9EB22C612D}.Debug|Any CPU.ActiveCfg = Debug|Any CPU
		{C4728C61-2A78-4EF7-80D9-AF9EB22C612D}.Debug|Any CPU.Build.0 = Debug|Any CPU
		{C4728C61-2A78-4EF7-80D9-AF9EB22C612D}.Debug|x64.ActiveCfg = Debug|Any CPU
		{C4728C61-2A78-4EF7-80D9-AF9EB22C612D}.Debug|x64.Build.0 = Debug|Any CPU
		{C4728C61-2A78-4EF7-80D9-AF9EB22C612D}.Debug|x86.ActiveCfg = Debug|Any CPU
		{C4728C61-2A78-4EF7-80D9-AF9EB22C612D}.Debug|x86.Build.0 = Debug|Any CPU
		{C4728C61-2A78-4EF7-80D9-AF9EB22C612D}.Release|Any CPU.ActiveCfg = Release|Any CPU
		{C4728C61-2A78-4EF7-80D9-AF9EB22C612D}.Release|Any CPU.Build.0 = Release|Any CPU
		{C4728C61-2A78-4EF7-80D9-AF9EB22C612D}.Release|x64.ActiveCfg = Release|Any CPU
		{C4728C61-2A78-4EF7-80D9-AF9EB22C612D}.Release|x64.Build.0 = Release|Any CPU
		{C4728C61-2A78-4EF7-80D9-AF9EB22C612D}.Release|x86.ActiveCfg = Release|Any CPU
		{C4728C61-2A78-4EF7-80D9-AF9EB22C612D}.Release|x86.Build.0 = Release|Any CPU
		{9639C90D-02FB-49D0-B8AF-D15BD2F33C8A}.Debug|Any CPU.ActiveCfg = Debug|Any CPU
		{9639C90D-02FB-49D0-B8AF-D15BD2F33C8A}.Debug|Any CPU.Build.0 = Debug|Any CPU
		{9639C90D-02FB-49D0-B8AF-D15BD2F33C8A}.Debug|x64.ActiveCfg = Debug|Any CPU
		{9639C90D-02FB-49D0-B8AF-D15BD2F33C8A}.Debug|x64.Build.0 = Debug|Any CPU
		{9639C90D-02FB-49D0-B8AF-D15BD2F33C8A}.Debug|x86.ActiveCfg = Debug|Any CPU
		{9639C90D-02FB-49D0-B8AF-D15BD2F33C8A}.Debug|x86.Build.0 = Debug|Any CPU
		{9639C90D-02FB-49D0-B8AF-D15BD2F33C8A}.Release|Any CPU.ActiveCfg = Release|Any CPU
		{9639C90D-02FB-49D0-B8AF-D15BD2F33C8A}.Release|Any CPU.Build.0 = Release|Any CPU
		{9639C90D-02FB-49D0-B8AF-D15BD2F33C8A}.Release|x64.ActiveCfg = Release|Any CPU
		{9639C90D-02FB-49D0-B8AF-D15BD2F33C8A}.Release|x64.Build.0 = Release|Any CPU
		{9639C90D-02FB-49D0-B8AF-D15BD2F33C8A}.Release|x86.ActiveCfg = Release|Any CPU
		{9639C90D-02FB-49D0-B8AF-D15BD2F33C8A}.Release|x86.Build.0 = Release|Any CPU
		{0FCC6A2E-2F5C-4D12-AAD2-BA96766C1682}.Debug|Any CPU.ActiveCfg = Debug|Any CPU
		{0FCC6A2E-2F5C-4D12-AAD2-BA96766C1682}.Debug|Any CPU.Build.0 = Debug|Any CPU
		{0FCC6A2E-2F5C-4D12-AAD2-BA96766C1682}.Debug|x64.ActiveCfg = Debug|Any CPU
		{0FCC6A2E-2F5C-4D12-AAD2-BA96766C1682}.Debug|x64.Build.0 = Debug|Any CPU
		{0FCC6A2E-2F5C-4D12-AAD2-BA96766C1682}.Debug|x86.ActiveCfg = Debug|Any CPU
		{0FCC6A2E-2F5C-4D12-AAD2-BA96766C1682}.Debug|x86.Build.0 = Debug|Any CPU
		{0FCC6A2E-2F5C-4D12-AAD2-BA96766C1682}.Release|Any CPU.ActiveCfg = Release|Any CPU
		{0FCC6A2E-2F5C-4D12-AAD2-BA96766C1682}.Release|Any CPU.Build.0 = Release|Any CPU
		{0FCC6A2E-2F5C-4D12-AAD2-BA96766C1682}.Release|x64.ActiveCfg = Release|Any CPU
		{0FCC6A2E-2F5C-4D12-AAD2-BA96766C1682}.Release|x64.Build.0 = Release|Any CPU
		{0FCC6A2E-2F5C-4D12-AAD2-BA96766C1682}.Release|x86.ActiveCfg = Release|Any CPU
		{0FCC6A2E-2F5C-4D12-AAD2-BA96766C1682}.Release|x86.Build.0 = Release|Any CPU
	EndGlobalSection
	GlobalSection(SolutionProperties) = preSolution
		HideSolutionNode = FALSE
	EndGlobalSection
	GlobalSection(NestedProjects) = preSolution
		{A2363EF4-3B99-447A-96A6-538CD210E7CF} = {827E0CD3-B72D-47B6-A68D-7590B98EB39B}
		{3A851C90-4FE3-4C94-93C0-66642F512E46} = {827E0CD3-B72D-47B6-A68D-7590B98EB39B}
		{EEB7DC28-243A-4E87-90A4-4EC8977AEA0B} = {827E0CD3-B72D-47B6-A68D-7590B98EB39B}
		{C4728C61-2A78-4EF7-80D9-AF9EB22C612D} = {827E0CD3-B72D-47B6-A68D-7590B98EB39B}
		{9639C90D-02FB-49D0-B8AF-D15BD2F33C8A} = {827E0CD3-B72D-47B6-A68D-7590B98EB39B}
		{0FCC6A2E-2F5C-4D12-AAD2-BA96766C1682} = {827E0CD3-B72D-47B6-A68D-7590B98EB39B}
	EndGlobalSection
EndGlobal
